{
  "name": "nodeServer",
  "version": "1.0.0",
  "lockfileVersion": 1,
  "requires": true,
  "dependencies": {
    "ejs": {
      "version": "2.6.2",
      "resolved": "https://registry.npmjs.org/ejs/-/ejs-2.6.2.tgz",
      "integrity": "sha512-PcW2a0tyTuPHz3tWyYqtK6r1fZ3gp+3Sop8Ph+ZYN81Ob5rwmbHEzaqs10N3BEsaGTkh/ooniXK+WwszGlc2+Q=="
    },
    "md5-node": {
      "version": "1.0.1",
      "resolved": "https://registry.npmjs.org/md5-node/-/md5-node-1.0.1.tgz",
      "integrity": "sha1-DiLQCdRr3JWx08XoyP7dwaXDqog="
    }
  }
}
